
Microsoft Visual Studio Solution File, Format Version 12.00
# Visual Studio Version 17
VisualStudioVersion = 17.0.32112.339
MinimumVisualStudioVersion = 10.0.40219.1
Project("{FAE04EC0-301F-11D3-BF4B-00C04F79EFBC}") = "wit-cmd-helper", "wit-cmd-helper.csproj", "{CC57AD3A-0816-4421-B1D7-36D5CB98448A}"
EndProject
Global
	GlobalSection(SolutionConfigurationPlatforms) = preSolution
		Debug|Any CPU = Debug|Any CPU
		Release|Any CPU = Release|Any CPU
	EndGlobalSection
	GlobalSection(ProjectConfigurationPlatforms) = postSolution
		{CC57AD3A-0816-4421-B1D7-36D5CB98448A}.Debug|Any CPU.ActiveCfg = Debug|Any CPU
		{CC57AD3A-0816-4421-B1D7-36D5CB98448A}.Debug|Any CPU.Build.0 = Debug|Any CPU
		{CC57AD3A-0816-4421-B1D7-36D5CB98448A}.Release|Any CPU.ActiveCfg = Release|Any CPU
		{CC57AD3A-0816-4421-B1D7-36D5CB98448A}.Release|Any CPU.Build.0 = Release|Any CPU
	EndGlobalSection
	GlobalSection(SolutionProperties) = preSolution
		HideSolutionNode = FALSE
	EndGlobalSection
	GlobalSection(ExtensibilityGlobals) = postSolution
		SolutionGuid = {3DE4CF66-FE3B-4E03-B6B9-AF0A2ACE7CDA}
	EndGlobalSection
EndGlobal
